// !$*UTF8*$!
{
	archiveVersion = 1;
	classes = {
	};
	objectVersion = 51;
	objects = {

/* Begin PBXBuildFile section */
		A7AAE98274AC4186BF08FDA4 /* Pods_Weather.framework in Frameworks */ = {isa = PBXBuildFile; fileRef = 1B3FA97420BAAFFA241DE807 /* Pods_Weather.framework */; };
		BF558AEA23E41175007818CF /* Weather.swift in Sources */ = {isa = PBXBuildFile; fileRef = BF558AE923E41175007818CF /* Weather.swift */; };
		BF8BD5A923E1A9F30064762E /* AppDelegate.swift in Sources */ = {isa = PBXBuildFile; fileRef = BF8BD5A823E1A9F30064762E /* AppDelegate.swift */; };
		BF8BD5AB23E1A9F30064762E /* SceneDelegate.swift in Sources */ = {isa = PBXBuildFile; fileRef = BF8BD5AA23E1A9F30064762E /* SceneDelegate.swift */; };
		BF8BD5AD23E1A9F30064762E /* ViewController.swift in Sources */ = {isa = PBXBuildFile; fileRef = BF8BD5AC23E1A9F30064762E /* ViewController.swift */; };
		BF8BD5B023E1A9F30064762E /* Main.storyboard in Resources */ = {isa = PBXBuildFile; fileRef = BF8BD5AE23E1A9F30064762E /* Main.storyboard */; };
		BF8BD5B223E1A9F60064762E /* Assets.xcassets in Resources */ = {isa = PBXBuildFile; fileRef = BF8BD5B123E1A9F60064762E /* Assets.xcassets */; };
		BF8BD5B523E1A9F60064762E /* LaunchScreen.storyboard in Resources */ = {isa = PBXBuildFile; fileRef = BF8BD5B323E1A9F60064762E /* LaunchScreen.storyboard */; };
		BFE99B4423E4534600CFD668 /* SearchCityViewController.swift in Sources */ = {isa = PBXBuildFile; fileRef = BFE99B4323E4534600CFD668 /* SearchCityViewController.swift */; };
/* End PBXBuildFile section */

/* Begin PBXFileReference section */
		1B3FA97420BAAFFA241DE807 /* Pods_Weather.framework */ = {isa = PBXFileReference; explicitFileType = wrapper.framework; includeInIndex = 0; path = Pods_Weather.framework; sourceTree = BUILT_PRODUCTS_DIR; };
		49698BD72590805266DEF055 /* Pods-Weather.debug.xcconfig */ = {isa = PBXFileReference; includeInIndex = 1; lastKnownFileType = text.xcconfig; name = "Pods-Weather.debug.xcconfig"; path = "Pods/Target Support Files/Pods-Weather/Pods-Weather.debug.xcconfig"; sourceTree = "<group>"; };
		BF558AE923E41175007818CF /* Weather.swift */ = {isa = PBXFileReference; lastKnownFileType = sourcecode.swift; path = Weather.swift; sourceTree = "<group>"; };
		BF8BD5A523E1A9F30064762E /* Weather.app */ = {isa = PBXFileReference; explicitFileType = wrapper.application; includeInIndex = 0; path = Weather.app; sourceTree = BUILT_PRODUCTS_DIR; };
		BF8BD5A823E1A9F30064762E /* AppDelegate.swift */ = {isa = PBXFileReference; lastKnownFileType = sourcecode.swift; path = AppDelegate.swift; sourceTree = "<group>"; };
		BF8BD5AA23E1A9F30064762E /* SceneDelegate.swift */ = {isa = PBXFileReference; lastKnownFileType = sourcecode.swift; path = SceneDelegate.swift; sourceTree = "<group>"; };
		BF8BD5AC23E1A9F30064762E /* ViewController.swift */ = {isa = PBXFileReference; lastKnownFileType = sourcecode.swift; path = ViewController.swift; sourceTree = "<group>"; };
		BF8BD5AF23E1A9F30064762E /* Base */ = {isa = PBXFileReference; lastKnownFileType = file.storyboard; name = Base; path = Base.lproj/Main.storyboard; sourceTree = "<group>"; };
		BF8BD5B123E1A9F60064762E /* Assets.xcassets */ = {isa = PBXFileReference; lastKnownFileType = folder.assetcatalog; path = Assets.xcassets; sourceTree = "<group>"; };
		BF8BD5B423E1A9F60064762E /* Base */ = {isa = PBXFileReference; lastKnownFileType = file.storyboard; name = Base; path = Base.lproj/LaunchScreen.storyboard; sourceTree = "<group>"; };
		BF8BD5B623E1A9F60064762E /* Info.plist */ = {isa = PBXFileReference; lastKnownFileType = text.plist.xml; path = Info.plist; sourceTree = "<group>"; };
		BFE99B4323E4534600CFD668 /* SearchCityViewController.swift */ = {isa = PBXFileReference; lastKnownFileType = sourcecode.swift; path = SearchCityViewController.swift; sourceTree = "<group>"; };
		F987869421857720152EBAE9 /* Pods-Weather.release.xcconfig */ = {isa = PBXFileReference; includeInIndex = 1; lastKnownFileType = text.xcconfig; name = "Pods-Weather.release.xcconfig"; path = "Pods/Target Support Files/Pods-Weather/Pods-Weather.release.xcconfig"; sourceTree = "<group>"; };
/* End PBXFileReference section */

/* Begin PBXFrameworksBuildPhase section */
		BF8BD5A223E1A9F30064762E /* Frameworks */ = {
			isa = PBXFrameworksBuildPhase;
			buildActionMask = 2147483647;
			files = (
				A7AAE98274AC4186BF08FDA4 /* Pods_Weather.framework in Frameworks */,
			);
			runOnlyForDeploymentPostprocessing = 0;
		};
/* End PBXFrameworksBuildPhase section */

/* Begin PBXGroup section */
		A65241BFA298BDAFF5CD6538 /* Pods */ = {
			isa = PBXGroup;
			children = (
				49698BD72590805266DEF055 /* Pods-Weather.debug.xcconfig */,
				F987869421857720152EBAE9 /* Pods-Weather.release.xcconfig */,
			);
			name = Pods;
			sourceTree = "<group>";
		};
		BF558AE523E40FEC007818CF /* Controller */ = {
			isa = PBXGroup;
			children = (
				BF8BD5A823E1A9F30064762E /* AppDelegate.swift */,
				BF8BD5AA23E1A9F30064762E /* SceneDelegate.swift */,
				BF8BD5AC23E1A9F30064762E /* ViewController.swift */,
				BFE99B4323E4534600CFD668 /* SearchCityViewController.swift */,
			);
			name = Controller;
			sourceTree = "<group>";
		};
		BF558AE623E41017007818CF /* VIew */ = {
			isa = PBXGroup;
			children = (
				BF8BD5AE23E1A9F30064762E /* Main.storyboard */,
				BF8BD5B323E1A9F60064762E /* LaunchScreen.storyboard */,
			);
			name = VIew;
			sourceTree = "<group>";
		};
		BF558AE823E41163007818CF /* Model */ = {
			isa = PBXGroup;
			children = (
				BF558AE923E41175007818CF /* Weather.swift */,
			);
			name = Model;
			sourceTree = "<group>";
		};
		BF8BD59C23E1A9F30064762E = {
			isa = PBXGroup;
			children = (
				BF8BD5A723E1A9F30064762E /* Weather */,
				BF8BD5A623E1A9F30064762E /* Products */,
				A65241BFA298BDAFF5CD6538 /* Pods */,
				ED64CE3FD07B18CF79A2D74F /* Frameworks */,
			);
			sourceTree = "<group>";
		};
		BF8BD5A623E1A9F30064762E /* Products */ = {
			isa = PBXGroup;
			children = (
				BF8BD5A523E1A9F30064762E /* Weather.app */,
			);
			name = Products;
			sourceTree = "<group>";
		};
		BF8BD5A723E1A9F30064762E /* Weather */ = {
			isa = PBXGroup;
			children = (
				BF558AE823E41163007818CF /* Model */,
				BF558AE523E40FEC007818CF /* Controller */,
				BF558AE623E41017007818CF /* VIew */,
				BF8BD5B123E1A9F60064762E /* Assets.xcassets */,
				BF8BD5B623E1A9F60064762E /* Info.plist */,
			);
			path = Weather;
			sourceTree = "<group>";
		};
		ED64CE3FD07B18CF79A2D74F /* Frameworks */ = {
			isa = PBXGroup;
			children = (
				1B3FA97420BAAFFA241DE807 /* Pods_Weather.framework */,
			);
			name = Frameworks;
			sourceTree = "<group>";
		};
/* End PBXGroup section */

/* Begin PBXNativeTarget section */
		BF8BD5A423E1A9F30064762E /* Weather */ = {
			isa = PBXNativeTarget;
			buildConfigurationList = BF8BD5B923E1A9F60064762E /* Build configuration list for PBXNativeTarget "Weather" */;
			buildPhases = (
				E1A20443BD53555D6894B83B /* [CP] Check Pods Manifest.lock */,
				BF8BD5A123E1A9F30064762E /* Sources */,
				BF8BD5A223E1A9F30064762E /* Frameworks */,
				BF8BD5A323E1A9F30064762E /* Resources */,
				EE13AB3F337B858A72795EB7 /* [CP] Embed Pods Frameworks */,
			);
			buildRules = (
			);
			dependencies = (
			);
			name = Weather;
			productName = Weather;
			productReference = BF8BD5A523E1A9F30064762E /* Weather.app */;
			productType = "com.apple.product-type.application";
		};
/* End PBXNativeTarget section */

/* Begin PBXProject section */
		BF8BD59D23E1A9F30064762E /* Project object */ = {
			isa = PBXProject;
			attributes = {
				LastSwiftUpdateCheck = 1110;
				LastUpgradeCheck = 1110;
				ORGANIZATIONNAME = zf.org.csu;
				TargetAttributes = {
					BF8BD5A423E1A9F30064762E = {
						CreatedOnToolsVersion = 11.1;
					};
				};
			};
			buildConfigurationList = BF8BD5A023E1A9F30064762E /* Build configuration list for PBXProject "Weather" */;
			compatibilityVersion = "Xcode 9.3";
			developmentRegion = en;
			hasScannedForEncodings = 0;
			knownRegions = (
				en,
				Base,
			);
			mainGroup = BF8BD59C23E1A9F30064762E;
			productRefGroup = BF8BD5A623E1A9F30064762E /* Products */;
			projectDirPath = "";
			projectRoot = "";
			targets = (
				BF8BD5A423E1A9F30064762E /* Weather */,
			);
		};
/* End PBXProject section */

/* Begin PBXResourcesBuildPhase section */
		BF8BD5A323E1A9F30064762E /* Resources */ = {
			isa = PBXResourcesBuildPhase;
			buildActionMask = 2147483647;
			files = (
				BF8BD5B523E1A9F60064762E /* LaunchScreen.storyboard in Resources */,
				BF8BD5B223E1A9F60064762E /* Assets.xcassets in Resources */,
				BF8BD5B023E1A9F30064762E /* Main.storyboard in Resources */,
			);
			runOnlyForDeploymentPostprocessing = 0;
		};
/* End PBXResourcesBuildPhase section */

/* Begin PBXShellScriptBuildPhase section */
		E1A20443BD53555D6894B83B /* [CP] Check Pods Manifest.lock */ = {
			isa = PBXShellScriptBuildPhase;
			buildActionMask = 2147483647;
			files = (
			);
			inputPaths = (
				"${PODS_PODFILE_DIR_PATH}/Podfile.lock",
				"${PODS_ROOT}/Manifest.lock",
			);
			name = "[CP] Check Pods Manifest.lock";
			outputPaths = (
				"$(DERIVED_FILE_DIR)/Pods-Weather-checkManifestLockResult.txt",
			);
			runOnlyForDeploymentPostprocessing = 0;
			shellPath = /bin/sh;
			shellScript = "diff \"${PODS_PODFILE_DIR_PATH}/Podfile.lock\" \"${PODS_ROOT}/Manifest.lock\" > /dev/null\nif [ $? != 0 ] ; then\n    # print error to STDERR\n    echo \"error: The sandbox is not in sync with the Podfile.lock. Run 'pod install' or update your CocoaPods installation.\" >&2\n    exit 1\nfi\n# This output is used by Xcode 'outputs' to avoid re-running this script phase.\necho \"SUCCESS\" > \"${SCRIPT_OUTPUT_FILE_0}\"\n";
			showEnvVarsInLog = 0;
		};
		EE13AB3F337B858A72795EB7 /* [CP] Embed Pods Frameworks */ = {
			isa = PBXShellScriptBuildPhase;
			buildActionMask = 2147483647;
			files = (
			);
			inputFileListPaths = (
				"${PODS_ROOT}/Target Support Files/Pods-Weather/Pods-Weather-frameworks-${CONFIGURATION}-input-files.xcfilelist",
			);
			name = "[CP] Embed Pods Frameworks";
			outputFileListPaths = (
				"${PODS_ROOT}/Target Support Files/Pods-Weather/Pods-Weather-frameworks-${CONFIGURATION}-output-files.xcfilelist",
			);
			runOnlyForDeploymentPostprocessing = 0;
			shellPath = /bin/sh;
			shellScript = "\"${PODS_ROOT}/Target Support Files/Pods-Weather/Pods-Weather-frameworks.sh\"\n";
			showEnvVarsInLog = 0;
		};
/* End PBXShellScriptBuildPhase section */

/* Begin PBXSourcesBuildPhase section */
		BF8BD5A123E1A9F30064762E /* Sources */ = {
			isa = PBXSourcesBuildPhase;
			buildActionMask = 2147483647;
			files = (
				BF558AEA23E41175007818CF /* Weather.swift in Sources */,
				BFE99B4423E4534600CFD668 /* SearchCityViewController.swift in Sources */,
				BF8BD5AD23E1A9F30064762E /* ViewController.swift in Sources */,
				BF8BD5A923E1A9F30064762E /* AppDelegate.swift in Sources */,
				BF8BD5AB23E1A9F30064762E /* SceneDelegate.swift in Sources */,
			);
			runOnlyForDeploymentPostprocessing = 0;
		};
/* End PBXSourcesBuildPhase section */

/* Begin PBXVariantGroup section */
		BF8BD5AE23E1A9F30064762E /* Main.storyboard */ = {
			isa = PBXVariantGroup;
			children = (
				BF8BD5AF23E1A9F30064762E /* Base */,
			);
			name = Main.storyboard;
			sourceTree = "<group>";
		};
		BF8BD5B323E1A9F60064762E /* LaunchScreen.storyboard */ = {
			isa = PBXVariantGroup;
			children = (
				BF8BD5B423E1A9F60064762E /* Base */,
			);
			name = LaunchScreen.storyboard;
			sourceTree = "<group>";
		};
/* End PBXVariantGroup section */

/* Begin XCBuildConfiguration section */
		BF8BD5B723E1A9F60064762E /* Debug */ = {
			isa = XCBuildConfiguration;
			buildSettings = {
				ALWAYS_SEARCH_USER_PATHS = NO;
				CLANG_ANALYZER_NONNULL = YES;
				CLANG_ANALYZER_NUMBER_OBJECT_CONVERSION = YES_AGGRESSIVE;
				CLANG_CXX_LANGUAGE_STANDARD = "gnu++14";
				CLANG_CXX_LIBRARY = "libc++";
				CLANG_ENABLE_MODULES = YES;
				CLANG_ENABLE_OBJC_ARC = YES;
				CLANG_ENABLE_OBJC_WEAK = YES;
				CLANG_WARN_BLOCK_CAPTURE_AUTORELEASING = YES;
				CLANG_WARN_BOOL_CONVERSION = YES;
				CLANG_WARN_COMMA = YES;
				CLANG_WARN_CONSTANT_CONVERSION = YES;
				CLANG_WARN_DEPRECATED_OBJC_IMPLEMENTATIONS = YES;
				CLANG_WARN_DIRECT_OBJC_ISA_USAGE = YES_ERROR;
				CLANG_WARN_DOCUMENTATION_COMMENTS = YES;
				CLANG_WARN_EMPTY_BODY = YES;
				CLANG_WARN_ENUM_CONVERSION = YES;
				CLANG_WARN_INFINITE_RECURSION = YES;
				CLANG_WARN_INT_CONVERSION = YES;
				CLANG_WARN_NON_LITERAL_NULL_CONVERSION = YES;
				CLANG_WARN_OBJC_IMPLICIT_RETAIN_SELF = YES;
				CLANG_WARN_OBJC_LITERAL_CONVERSION = YES;
				CLANG_WARN_OBJC_ROOT_CLASS = YES_ERROR;
				CLANG_WARN_RANGE_LOOP_ANALYSIS = YES;
				CLANG_WARN_STRICT_PROTOTYPES = YES;
				CLANG_WARN_SUSPICIOUS_MOVE = YES;
				CLANG_WARN_UNGUARDED_AVAILABILITY = YES_AGGRESSIVE;
				CLANG_WARN_UNREACHABLE_CODE = YES;
				CLANG_WARN__DUPLICATE_METHOD_MATCH = YES;
				COPY_PHASE_STRIP = NO;
				DEBUG_INFORMATION_FORMAT = dwarf;
				ENABLE_STRICT_OBJC_MSGSEND = YES;
				ENABLE_TESTABILITY = YES;
				GCC_C_LANGUAGE_STANDARD = gnu11;
				GCC_DYNAMIC_NO_PIC = NO;
				GCC_NO_COMMON_BLOCKS = YES;
				GCC_OPTIMIZATION_LEVEL = 0;
				GCC_PREPROCESSOR_DEFINITIONS = (
					"DEBUG=1",
					"$(inherited)",
				);
				GCC_WARN_64_TO_32_BIT_CONVERSION = YES;
				GCC_WARN_ABOUT_RETURN_TYPE = YES_ERROR;
				GCC_WARN_UNDECLARED_SELECTOR = YES;
				GCC_WARN_UNINITIALIZED_AUTOS = YES_AGGRESSIVE;
				GCC_WARN_UNUSED_FUNCTION = YES;
				GCC_WARN_UNUSED_VARIABLE = YES;
				IPHONEOS_DEPLOYMENT_TARGET = 13.1;
				MTL_ENABLE_DEBUG_INFO = INCLUDE_SOURCE;
				MTL_FAST_MATH = YES;
				ONLY_ACTIVE_ARCH = YES;
				SDKROOT = iphoneos;
				SWIFT_ACTIVE_COMPILATION_CONDITIONS = DEBUG;
				SWIFT_OPTIMIZATION_LEVEL = "-Onone";
			};
			name = Debug;
		};
		BF8BD5B823E1A9F60064762E /* Release */ = {
			isa = XCBuildConfiguration;
			buildSettings = {
				ALWAYS_SEARCH_USER_PATHS = NO;
				CLANG_ANALYZER_NONNULL = YES;
				CLANG_ANALYZER_NUMBER_OBJECT_CONVERSION = YES_AGGRESSIVE;
				CLANG_CXX_LANGUAGE_STANDARD = "gnu++14";
				CLANG_CXX_LIBRARY = "libc++";
				CLANG_ENABLE_MODULES = YES;
				CLANG_ENABLE_OBJC_ARC = YES;
				CLANG_ENABLE_OBJC_WEAK = YES;
				CLANG_WARN_BLOCK_CAPTURE_AUTORELEASING = YES;
				CLANG_WARN_BOOL_CONVERSION = YES;
				CLANG_WARN_COMMA = YES;
				CLANG_WARN_CONSTANT_CONVERSION = YES;
				CLANG_WARN_DEPRECATED_OBJC_IMPLEMENTATIONS = YES;
				CLANG_WARN_DIRECT_OBJC_ISA_USAGE = YES_ERROR;
				CLANG_WARN_DOCUMENTATION_COMMENTS = YES;
				CLANG_WARN_EMPTY_BODY = YES;
				CLANG_WARN_ENUM_CONVERSION = YES;
				CLANG_WARN_INFINITE_RECURSION = YES;
				CLANG_WARN_INT_CONVERSION = YES;
				CLANG_WARN_NON_LITERAL_NULL_CONVERSION = YES;
				CLANG_WARN_OBJC_IMPLICIT_RETAIN_SELF = YES;
				CLANG_WARN_OBJC_LITERAL_CONVERSION = YES;
				CLANG_WARN_OBJC_ROOT_CLASS = YES_ERROR;
				CLANG_WARN_RANGE_LOOP_ANALYSIS = YES;
				CLANG_WARN_STRICT_PROTOTYPES = YES;
				CLANG_WARN_SUSPICIOUS_MOVE = YES;
				CLANG_WARN_UNGUARDED_AVAILABILITY = YES_AGGRESSIVE;
				CLANG_WARN_UNREACHABLE_CODE = YES;
				CLANG_WARN__DUPLICATE_METHOD_MATCH = YES;
				COPY_PHASE_STRIP = NO;
				DEBUG_INFORMATION_FORMAT = "dwarf-with-dsym";
				ENABLE_NS_ASSERTIONS = NO;
				ENABLE_STRICT_OBJC_MSGSEND = YES;
				GCC_C_LANGUAGE_STANDARD = gnu11;
				GCC_NO_COMMON_BLOCKS = YES;
				GCC_WARN_64_TO_32_BIT_CONVERSION = YES;
				GCC_WARN_ABOUT_RETURN_TYPE = YES_ERROR;
				GCC_WARN_UNDECLARED_SELECTOR = YES;
				GCC_WARN_UNINITIALIZED_AUTOS = YES_AGGRESSIVE;
				GCC_WARN_UNUSED_FUNCTION = YES;
				GCC_WARN_UNUSED_VARIABLE = YES;
				IPHONEOS_DEPLOYMENT_TARGET = 13.1;
				MTL_ENABLE_DEBUG_INFO = NO;
				MTL_FAST_MATH = YES;
				SDKROOT = iphoneos;
				SWIFT_COMPILATION_MODE = wholemodule;
				SWIFT_OPTIMIZATION_LEVEL = "-O";
				VALIDATE_PRODUCT = YES;
			};
			name = Release;
		};
		BF8BD5BA23E1A9F60064762E /* Debug */ = {
			isa = XCBuildConfiguration;
			baseConfigurationReference = 49698BD72590805266DEF055 /* Pods-Weather.debug.xcconfig */;
			buildSettings = {
				ASSETCATALOG_COMPILER_APPICON_NAME = AppIcon;
				CODE_SIGN_STYLE = Automatic;
				DEVELOPMENT_TEAM = BW2NQM59K6;
				INFOPLIST_FILE = Weather/Info.plist;
				LD_RUNPATH_SEARCH_PATHS = (
					"$(inherited)",
					"@executable_path/Frameworks",
				);
				PRODUCT_BUNDLE_IDENTIFIER = com.csu.Weather;
				PRODUCT_NAME = "$(TARGET_NAME)";
				SWIFT_VERSION = 5.0;
				TARGETED_DEVICE_FAMILY = "1,2";
			};
			name = Debug;
		};
		BF8BD5BB23E1A9F60064762E /* Release */ = {
			isa = XCBuildConfiguration;
			baseConfigurationReference = F987869421857720152EBAE9 /* Pods-Weather.release.xcconfig */;
			buildSettings = {
				ASSETCATALOG_COMPILER_APPICON_NAME = AppIcon;
				CODE_SIGN_STYLE = Automatic;
				DEVELOPMENT_TEAM = BW2NQM59K6;
				INFOPLIST_FILE = Weather/Info.plist;
				LD_RUNPATH_SEARCH_PATHS = (
					"$(inherited)",
					"@executable_path/Frameworks",
				);
				PRODUCT_BUNDLE_IDENTIFIER = com.csu.Weather;
				PRODUCT_NAME = "$(TARGET_NAME)";
				SWIFT_VERSION = 5.0;
				TARGETED_DEVICE_FAMILY = "1,2";
			};
			name = Release;
		};
/* End XCBuildConfiguration section */

/* Begin XCConfigurationList section */
		BF8BD5A023E1A9F30064762E /* Build configuration list for PBXProject "Weather" */ = {
			isa = XCConfigurationList;
			buildConfigurations = (
				BF8BD5B723E1A9F60064762E /* Debug */,
				BF8BD5B823E1A9F60064762E /* Release */,
			);
			defaultConfigurationIsVisible = 0;
			defaultConfigurationName = Release;
		};
		BF8BD5B923E1A9F60064762E /* Build configuration list for PBXNativeTarget "Weather" */ = {
			isa = XCConfigurationList;
			buildConfigurations = (
				BF8BD5BA23E1A9F60064762E /* Debug */,
				BF8BD5BB23E1A9F60064762E /* Release */,
			);
			defaultConfigurationIsVisible = 0;
			defaultConfigurationName = Release;
		};
/* End XCConfigurationList section */
	};
	rootObject = BF8BD59D23E1A9F30064762E /* Project object */;
}
