// !$*UTF8*$!
{
	archiveVersion = 1;
	classes = {
	};
	objectVersion = 50;
	objects = {

/* Begin PBXBuildFile section */
		BFE99B5223E4900E00CFD668 /* AppDelegate.swift in Sources */ = {isa = PBXBuildFile; fileRef = BFE99B5123E4900E00CFD668 /* AppDelegate.swift */; };
		BFE99B5423E4900E00CFD668 /* SceneDelegate.swift in Sources */ = {isa = PBXBuildFile; fileRef = BFE99B5323E4900E00CFD668 /* SceneDelegate.swift */; };
		BFE99B5923E4900E00CFD668 /* Main.storyboard in Resources */ = {isa = PBXBuildFile; fileRef = BFE99B5723E4900E00CFD668 /* Main.storyboard */; };
		BFE99B5B23E4901100CFD668 /* Assets.xcassets in Resources */ = {isa = PBXBuildFile; fileRef = BFE99B5A23E4901100CFD668 /* Assets.xcassets */; };
		BFE99B5E23E4901100CFD668 /* LaunchScreen.storyboard in Resources */ = {isa = PBXBuildFile; fileRef = BFE99B5C23E4901100CFD668 /* LaunchScreen.storyboard */; };
		BFE99B6623E491D500CFD668 /* TodosViewController.swift in Sources */ = {isa = PBXBuildFile; fileRef = BFE99B6523E491D500CFD668 /* TodosViewController.swift */; };
		BFE99B6D23E558A600CFD668 /* TodosCell.swift in Sources */ = {isa = PBXBuildFile; fileRef = BFE99B6C23E558A600CFD668 /* TodosCell.swift */; };
		BFE99B6F23E55FE700CFD668 /* Todo.swift in Sources */ = {isa = PBXBuildFile; fileRef = BFE99B6E23E55FE700CFD668 /* Todo.swift */; };
		BFE99B7123E5661E00CFD668 /* AddTodoVC.swift in Sources */ = {isa = PBXBuildFile; fileRef = BFE99B7023E5661E00CFD668 /* AddTodoVC.swift */; };
/* End PBXBuildFile section */

/* Begin PBXFileReference section */
		BFE99B4E23E4900E00CFD668 /* Todos.app */ = {isa = PBXFileReference; explicitFileType = wrapper.application; includeInIndex = 0; path = Todos.app; sourceTree = BUILT_PRODUCTS_DIR; };
		BFE99B5123E4900E00CFD668 /* AppDelegate.swift */ = {isa = PBXFileReference; lastKnownFileType = sourcecode.swift; path = AppDelegate.swift; sourceTree = "<group>"; };
		BFE99B5323E4900E00CFD668 /* SceneDelegate.swift */ = {isa = PBXFileReference; lastKnownFileType = sourcecode.swift; path = SceneDelegate.swift; sourceTree = "<group>"; };
		BFE99B5823E4900E00CFD668 /* Base */ = {isa = PBXFileReference; lastKnownFileType = file.storyboard; name = Base; path = Base.lproj/Main.storyboard; sourceTree = "<group>"; };
		BFE99B5A23E4901100CFD668 /* Assets.xcassets */ = {isa = PBXFileReference; lastKnownFileType = folder.assetcatalog; path = Assets.xcassets; sourceTree = "<group>"; };
		BFE99B5D23E4901100CFD668 /* Base */ = {isa = PBXFileReference; lastKnownFileType = file.storyboard; name = Base; path = Base.lproj/LaunchScreen.storyboard; sourceTree = "<group>"; };
		BFE99B5F23E4901100CFD668 /* Info.plist */ = {isa = PBXFileReference; lastKnownFileType = text.plist.xml; path = Info.plist; sourceTree = "<group>"; };
		BFE99B6523E491D500CFD668 /* TodosViewController.swift */ = {isa = PBXFileReference; lastKnownFileType = sourcecode.swift; path = TodosViewController.swift; sourceTree = "<group>"; };
		BFE99B6C23E558A600CFD668 /* TodosCell.swift */ = {isa = PBXFileReference; lastKnownFileType = sourcecode.swift; path = TodosCell.swift; sourceTree = "<group>"; };
		BFE99B6E23E55FE700CFD668 /* Todo.swift */ = {isa = PBXFileReference; lastKnownFileType = sourcecode.swift; path = Todo.swift; sourceTree = "<group>"; };
		BFE99B7023E5661E00CFD668 /* AddTodoVC.swift */ = {isa = PBXFileReference; lastKnownFileType = sourcecode.swift; path = AddTodoVC.swift; sourceTree = "<group>"; };
/* End PBXFileReference section */

/* Begin PBXFrameworksBuildPhase section */
		BFE99B4B23E4900E00CFD668 /* Frameworks */ = {
			isa = PBXFrameworksBuildPhase;
			buildActionMask = 2147483647;
			files = (
			);
			runOnlyForDeploymentPostprocessing = 0;
		};
/* End PBXFrameworksBuildPhase section */

/* Begin PBXGroup section */
		BFE99B4523E4900E00CFD668 = {
			isa = PBXGroup;
			children = (
				BFE99B5023E4900E00CFD668 /* Todos */,
				BFE99B4F23E4900E00CFD668 /* Products */,
			);
			sourceTree = "<group>";
		};
		BFE99B4F23E4900E00CFD668 /* Products */ = {
			isa = PBXGroup;
			children = (
				BFE99B4E23E4900E00CFD668 /* Todos.app */,
			);
			name = Products;
			sourceTree = "<group>";
		};
		BFE99B5023E4900E00CFD668 /* Todos */ = {
			isa = PBXGroup;
			children = (
				BFE99B6B23E492A800CFD668 /* Model */,
				BFE99B6923E4929100CFD668 /* View */,
				BFE99B6823E4923D00CFD668 /* Controller */,
				BFE99B5A23E4901100CFD668 /* Assets.xcassets */,
				BFE99B5F23E4901100CFD668 /* Info.plist */,
			);
			path = Todos;
			sourceTree = "<group>";
		};
		BFE99B6823E4923D00CFD668 /* Controller */ = {
			isa = PBXGroup;
			children = (
				BFE99B5123E4900E00CFD668 /* AppDelegate.swift */,
				BFE99B5323E4900E00CFD668 /* SceneDelegate.swift */,
				BFE99B6523E491D500CFD668 /* TodosViewController.swift */,
				BFE99B7023E5661E00CFD668 /* AddTodoVC.swift */,
			);
			path = Controller;
			sourceTree = "<group>";
		};
		BFE99B6923E4929100CFD668 /* View */ = {
			isa = PBXGroup;
			children = (
				BFE99B5723E4900E00CFD668 /* Main.storyboard */,
				BFE99B5C23E4901100CFD668 /* LaunchScreen.storyboard */,
				BFE99B6C23E558A600CFD668 /* TodosCell.swift */,
			);
			name = View;
			sourceTree = "<group>";
		};
		BFE99B6B23E492A800CFD668 /* Model */ = {
			isa = PBXGroup;
			children = (
				BFE99B6E23E55FE700CFD668 /* Todo.swift */,
			);
			path = Model;
			sourceTree = "<group>";
		};
/* End PBXGroup section */

/* Begin PBXNativeTarget section */
		BFE99B4D23E4900E00CFD668 /* Todos */ = {
			isa = PBXNativeTarget;
			buildConfigurationList = BFE99B6223E4901100CFD668 /* Build configuration list for PBXNativeTarget "Todos" */;
			buildPhases = (
				BFE99B4A23E4900E00CFD668 /* Sources */,
				BFE99B4B23E4900E00CFD668 /* Frameworks */,
				BFE99B4C23E4900E00CFD668 /* Resources */,
			);
			buildRules = (
			);
			dependencies = (
			);
			name = Todos;
			productName = Todos;
			productReference = BFE99B4E23E4900E00CFD668 /* Todos.app */;
			productType = "com.apple.product-type.application";
		};
/* End PBXNativeTarget section */

/* Begin PBXProject section */
		BFE99B4623E4900E00CFD668 /* Project object */ = {
			isa = PBXProject;
			attributes = {
				LastSwiftUpdateCheck = 1130;
				LastUpgradeCheck = 1130;
				ORGANIZATIONNAME = zf.org.csu;
				TargetAttributes = {
					BFE99B4D23E4900E00CFD668 = {
						CreatedOnToolsVersion = 11.3.1;
					};
				};
			};
			buildConfigurationList = BFE99B4923E4900E00CFD668 /* Build configuration list for PBXProject "Todos" */;
			compatibilityVersion = "Xcode 9.3";
			developmentRegion = en;
			hasScannedForEncodings = 0;
			knownRegions = (
				en,
				Base,
			);
			mainGroup = BFE99B4523E4900E00CFD668;
			productRefGroup = BFE99B4F23E4900E00CFD668 /* Products */;
			projectDirPath = "";
			projectRoot = "";
			targets = (
				BFE99B4D23E4900E00CFD668 /* Todos */,
			);
		};
/* End PBXProject section */

/* Begin PBXResourcesBuildPhase section */
		BFE99B4C23E4900E00CFD668 /* Resources */ = {
			isa = PBXResourcesBuildPhase;
			buildActionMask = 2147483647;
			files = (
				BFE99B5E23E4901100CFD668 /* LaunchScreen.storyboard in Resources */,
				BFE99B5B23E4901100CFD668 /* Assets.xcassets in Resources */,
				BFE99B5923E4900E00CFD668 /* Main.storyboard in Resources */,
			);
			runOnlyForDeploymentPostprocessing = 0;
		};
/* End PBXResourcesBuildPhase section */

/* Begin PBXSourcesBuildPhase section */
		BFE99B4A23E4900E00CFD668 /* Sources */ = {
			isa = PBXSourcesBuildPhase;
			buildActionMask = 2147483647;
			files = (
				BFE99B7123E5661E00CFD668 /* AddTodoVC.swift in Sources */,
				BFE99B5223E4900E00CFD668 /* AppDelegate.swift in Sources */,
				BFE99B6623E491D500CFD668 /* TodosViewController.swift in Sources */,
				BFE99B5423E4900E00CFD668 /* SceneDelegate.swift in Sources */,
				BFE99B6D23E558A600CFD668 /* TodosCell.swift in Sources */,
				BFE99B6F23E55FE700CFD668 /* Todo.swift in Sources */,
			);
			runOnlyForDeploymentPostprocessing = 0;
		};
/* End PBXSourcesBuildPhase section */

/* Begin PBXVariantGroup section */
		BFE99B5723E4900E00CFD668 /* Main.storyboard */ = {
			isa = PBXVariantGroup;
			children = (
				BFE99B5823E4900E00CFD668 /* Base */,
			);
			name = Main.storyboard;
			sourceTree = "<group>";
		};
		BFE99B5C23E4901100CFD668 /* LaunchScreen.storyboard */ = {
			isa = PBXVariantGroup;
			children = (
				BFE99B5D23E4901100CFD668 /* Base */,
			);
			name = LaunchScreen.storyboard;
			sourceTree = "<group>";
		};
/* End PBXVariantGroup section */

/* Begin XCBuildConfiguration section */
		BFE99B6023E4901100CFD668 /* Debug */ = {
			isa = XCBuildConfiguration;
			buildSettings = {
				ALWAYS_SEARCH_USER_PATHS = NO;
				CLANG_ANALYZER_NONNULL = YES;
				CLANG_ANALYZER_NUMBER_OBJECT_CONVERSION = YES_AGGRESSIVE;
				CLANG_CXX_LANGUAGE_STANDARD = "gnu++14";
				CLANG_CXX_LIBRARY = "libc++";
				CLANG_ENABLE_MODULES = YES;
				CLANG_ENABLE_OBJC_ARC = YES;
				CLANG_ENABLE_OBJC_WEAK = YES;
				CLANG_WARN_BLOCK_CAPTURE_AUTORELEASING = YES;
				CLANG_WARN_BOOL_CONVERSION = YES;
				CLANG_WARN_COMMA = YES;
				CLANG_WARN_CONSTANT_CONVERSION = YES;
				CLANG_WARN_DEPRECATED_OBJC_IMPLEMENTATIONS = YES;
				CLANG_WARN_DIRECT_OBJC_ISA_USAGE = YES_ERROR;
				CLANG_WARN_DOCUMENTATION_COMMENTS = YES;
				CLANG_WARN_EMPTY_BODY = YES;
				CLANG_WARN_ENUM_CONVERSION = YES;
				CLANG_WARN_INFINITE_RECURSION = YES;
				CLANG_WARN_INT_CONVERSION = YES;
				CLANG_WARN_NON_LITERAL_NULL_CONVERSION = YES;
				CLANG_WARN_OBJC_IMPLICIT_RETAIN_SELF = YES;
				CLANG_WARN_OBJC_LITERAL_CONVERSION = YES;
				CLANG_WARN_OBJC_ROOT_CLASS = YES_ERROR;
				CLANG_WARN_RANGE_LOOP_ANALYSIS = YES;
				CLANG_WARN_STRICT_PROTOTYPES = YES;
				CLANG_WARN_SUSPICIOUS_MOVE = YES;
				CLANG_WARN_UNGUARDED_AVAILABILITY = YES_AGGRESSIVE;
				CLANG_WARN_UNREACHABLE_CODE = YES;
				CLANG_WARN__DUPLICATE_METHOD_MATCH = YES;
				COPY_PHASE_STRIP = NO;
				DEBUG_INFORMATION_FORMAT = dwarf;
				ENABLE_STRICT_OBJC_MSGSEND = YES;
				ENABLE_TESTABILITY = YES;
				GCC_C_LANGUAGE_STANDARD = gnu11;
				GCC_DYNAMIC_NO_PIC = NO;
				GCC_NO_COMMON_BLOCKS = YES;
				GCC_OPTIMIZATION_LEVEL = 0;
				GCC_PREPROCESSOR_DEFINITIONS = (
					"DEBUG=1",
					"$(inherited)",
				);
				GCC_WARN_64_TO_32_BIT_CONVERSION = YES;
				GCC_WARN_ABOUT_RETURN_TYPE = YES_ERROR;
				GCC_WARN_UNDECLARED_SELECTOR = YES;
				GCC_WARN_UNINITIALIZED_AUTOS = YES_AGGRESSIVE;
				GCC_WARN_UNUSED_FUNCTION = YES;
				GCC_WARN_UNUSED_VARIABLE = YES;
				IPHONEOS_DEPLOYMENT_TARGET = 13.2;
				MTL_ENABLE_DEBUG_INFO = INCLUDE_SOURCE;
				MTL_FAST_MATH = YES;
				ONLY_ACTIVE_ARCH = YES;
				SDKROOT = iphoneos;
				SWIFT_ACTIVE_COMPILATION_CONDITIONS = DEBUG;
				SWIFT_OPTIMIZATION_LEVEL = "-Onone";
			};
			name = Debug;
		};
		BFE99B6123E4901100CFD668 /* Release */ = {
			isa = XCBuildConfiguration;
			buildSettings = {
				ALWAYS_SEARCH_USER_PATHS = NO;
				CLANG_ANALYZER_NONNULL = YES;
				CLANG_ANALYZER_NUMBER_OBJECT_CONVERSION = YES_AGGRESSIVE;
				CLANG_CXX_LANGUAGE_STANDARD = "gnu++14";
				CLANG_CXX_LIBRARY = "libc++";
				CLANG_ENABLE_MODULES = YES;
				CLANG_ENABLE_OBJC_ARC = YES;
				CLANG_ENABLE_OBJC_WEAK = YES;
				CLANG_WARN_BLOCK_CAPTURE_AUTORELEASING = YES;
				CLANG_WARN_BOOL_CONVERSION = YES;
				CLANG_WARN_COMMA = YES;
				CLANG_WARN_CONSTANT_CONVERSION = YES;
				CLANG_WARN_DEPRECATED_OBJC_IMPLEMENTATIONS = YES;
				CLANG_WARN_DIRECT_OBJC_ISA_USAGE = YES_ERROR;
				CLANG_WARN_DOCUMENTATION_COMMENTS = YES;
				CLANG_WARN_EMPTY_BODY = YES;
				CLANG_WARN_ENUM_CONVERSION = YES;
				CLANG_WARN_INFINITE_RECURSION = YES;
				CLANG_WARN_INT_CONVERSION = YES;
				CLANG_WARN_NON_LITERAL_NULL_CONVERSION = YES;
				CLANG_WARN_OBJC_IMPLICIT_RETAIN_SELF = YES;
				CLANG_WARN_OBJC_LITERAL_CONVERSION = YES;
				CLANG_WARN_OBJC_ROOT_CLASS = YES_ERROR;
				CLANG_WARN_RANGE_LOOP_ANALYSIS = YES;
				CLANG_WARN_STRICT_PROTOTYPES = YES;
				CLANG_WARN_SUSPICIOUS_MOVE = YES;
				CLANG_WARN_UNGUARDED_AVAILABILITY = YES_AGGRESSIVE;
				CLANG_WARN_UNREACHABLE_CODE = YES;
				CLANG_WARN__DUPLICATE_METHOD_MATCH = YES;
				COPY_PHASE_STRIP = NO;
				DEBUG_INFORMATION_FORMAT = "dwarf-with-dsym";
				ENABLE_NS_ASSERTIONS = NO;
				ENABLE_STRICT_OBJC_MSGSEND = YES;
				GCC_C_LANGUAGE_STANDARD = gnu11;
				GCC_NO_COMMON_BLOCKS = YES;
				GCC_WARN_64_TO_32_BIT_CONVERSION = YES;
				GCC_WARN_ABOUT_RETURN_TYPE = YES_ERROR;
				GCC_WARN_UNDECLARED_SELECTOR = YES;
				GCC_WARN_UNINITIALIZED_AUTOS = YES_AGGRESSIVE;
				GCC_WARN_UNUSED_FUNCTION = YES;
				GCC_WARN_UNUSED_VARIABLE = YES;
				IPHONEOS_DEPLOYMENT_TARGET = 13.2;
				MTL_ENABLE_DEBUG_INFO = NO;
				MTL_FAST_MATH = YES;
				SDKROOT = iphoneos;
				SWIFT_COMPILATION_MODE = wholemodule;
				SWIFT_OPTIMIZATION_LEVEL = "-O";
				VALIDATE_PRODUCT = YES;
			};
			name = Release;
		};
		BFE99B6323E4901100CFD668 /* Debug */ = {
			isa = XCBuildConfiguration;
			buildSettings = {
				ASSETCATALOG_COMPILER_APPICON_NAME = AppIcon;
				CODE_SIGN_STYLE = Automatic;
				DEVELOPMENT_TEAM = BW2NQM59K6;
				INFOPLIST_FILE = Todos/Info.plist;
				LD_RUNPATH_SEARCH_PATHS = (
					"$(inherited)",
					"@executable_path/Frameworks",
				);
				PRODUCT_BUNDLE_IDENTIFIER = com.csu.Todos;
				PRODUCT_NAME = "$(TARGET_NAME)";
				SWIFT_VERSION = 5.0;
				TARGETED_DEVICE_FAMILY = "1,2";
			};
			name = Debug;
		};
		BFE99B6423E4901100CFD668 /* Release */ = {
			isa = XCBuildConfiguration;
			buildSettings = {
				ASSETCATALOG_COMPILER_APPICON_NAME = AppIcon;
				CODE_SIGN_STYLE = Automatic;
				DEVELOPMENT_TEAM = BW2NQM59K6;
				INFOPLIST_FILE = Todos/Info.plist;
				LD_RUNPATH_SEARCH_PATHS = (
					"$(inherited)",
					"@executable_path/Frameworks",
				);
				PRODUCT_BUNDLE_IDENTIFIER = com.csu.Todos;
				PRODUCT_NAME = "$(TARGET_NAME)";
				SWIFT_VERSION = 5.0;
				TARGETED_DEVICE_FAMILY = "1,2";
			};
			name = Release;
		};
/* End XCBuildConfiguration section */

/* Begin XCConfigurationList section */
		BFE99B4923E4900E00CFD668 /* Build configuration list for PBXProject "Todos" */ = {
			isa = XCConfigurationList;
			buildConfigurations = (
				BFE99B6023E4901100CFD668 /* Debug */,
				BFE99B6123E4901100CFD668 /* Release */,
			);
			defaultConfigurationIsVisible = 0;
			defaultConfigurationName = Release;
		};
		BFE99B6223E4901100CFD668 /* Build configuration list for PBXNativeTarget "Todos" */ = {
			isa = XCConfigurationList;
			buildConfigurations = (
				BFE99B6323E4901100CFD668 /* Debug */,
				BFE99B6423E4901100CFD668 /* Release */,
			);
			defaultConfigurationIsVisible = 0;
			defaultConfigurationName = Release;
		};
/* End XCConfigurationList section */
	};
	rootObject = BFE99B4623E4900E00CFD668 /* Project object */;
}
